
Microsoft Visual Studio Solution File, Format Version 12.00
# Visual Studio 15
VisualStudioVersion = 15.0.28307.705
MinimumVisualStudioVersion = 10.0.40219.1
Project("{FAE04EC0-301F-11D3-BF4B-00C04F79EFBC}") = "ITI.CryptoDatas", "ITI.CryptoDatas\ITI.CryptoDatas.csproj", "{D1C9A165-2DA1-40A0-8A44-4ED183F2650A}"
EndProject
Global
	GlobalSection(SolutionConfigurationPlatforms) = preSolution
		Debug|Any CPU = Debug|Any CPU
		Release|Any CPU = Release|Any CPU
	EndGlobalSection
	GlobalSection(ProjectConfigurationPlatforms) = postSolution
		{D1C9A165-2DA1-40A0-8A44-4ED183F2650A}.Debug|Any CPU.ActiveCfg = Debug|Any CPU
		{D1C9A165-2DA1-40A0-8A44-4ED183F2650A}.Debug|Any CPU.Build.0 = Debug|Any CPU
		{D1C9A165-2DA1-40A0-8A44-4ED183F2650A}.Release|Any CPU.ActiveCfg = Release|Any CPU
		{D1C9A165-2DA1-40A0-8A44-4ED183F2650A}.Release|Any CPU.Build.0 = Release|Any CPU
	EndGlobalSection
	GlobalSection(SolutionProperties) = preSolution
		HideSolutionNode = FALSE
	EndGlobalSection
	GlobalSection(ExtensibilityGlobals) = postSolution
		SolutionGuid = {A0280395-DF1C-4B94-A6FC-D5DB22530FAE}
	EndGlobalSection
EndGlobal
